
Microsoft Visual Studio Solution File, Format Version 12.00
# Visual Studio Version 17
VisualStudioVersion = 17.14.36705.20 d17.14
MinimumVisualStudioVersion = 10.0.40219.1
Project("{F184B08F-C81C-45F6-A57F-5ABD9991F28F}") = "FotocopiadoraWPF", "FotocopiadoraWPF\FotocopiadoraWPF.vbproj", "{63181F03-FCB4-4B3A-A8F7-7FB1391433E0}"
EndProject
Global
	GlobalSection(SolutionConfigurationPlatforms) = preSolution
		Debug|Any CPU = Debug|Any CPU
		Release|Any CPU = Release|Any CPU
	EndGlobalSection
	GlobalSection(ProjectConfigurationPlatforms) = postSolution
		{63181F03-FCB4-4B3A-A8F7-7FB1391433E0}.Debug|Any CPU.ActiveCfg = Debug|Any CPU
		{63181F03-FCB4-4B3A-A8F7-7FB1391433E0}.Debug|Any CPU.Build.0 = Debug|Any CPU
		{63181F03-FCB4-4B3A-A8F7-7FB1391433E0}.Release|Any CPU.ActiveCfg = Release|Any CPU
		{63181F03-FCB4-4B3A-A8F7-7FB1391433E0}.Release|Any CPU.Build.0 = Release|Any CPU
	EndGlobalSection
	GlobalSection(SolutionProperties) = preSolution
		HideSolutionNode = FALSE
	EndGlobalSection
	GlobalSection(ExtensibilityGlobals) = postSolution
		SolutionGuid = {064F4207-53F0-4101-A305-90EE19D5048C}
	EndGlobalSection
EndGlobal
